
Microsoft Visual Studio Solution File, Format Version 12.00
# Visual Studio 2015
Project("{FAE04EC0-301F-11D3-BF4B-00C04F79EFBC}") = "Broken Dreams.CSharp", "Broken Dreams.CSharp.csproj", "{5EF049E6-B157-E584-1EB2-03CE08EC3219}"
EndProject
Project("{FAE04EC0-301F-11D3-BF4B-00C04F79EFBC}") = "Broken Dreams.CSharp.Plugins", "Broken Dreams.CSharp.Plugins.csproj", "{C5EA5641-1D8C-F117-5767-C0A821B00E69}"
EndProject
Project("{FAE04EC0-301F-11D3-BF4B-00C04F79EFBC}") = "Broken Dreams.CSharp.Editor", "Broken Dreams.CSharp.Editor.csproj", "{1DF49BAD-0A76-A9FE-9B03-42C28FD93E10}"
EndProject
Project("{FAE04EC0-301F-11D3-BF4B-00C04F79EFBC}") = "Broken Dreams.CSharp.Editor.Plugins", "Broken Dreams.CSharp.Editor.Plugins.csproj", "{DD57307E-E376-75E5-EEF8-902E7DBA639C}"
EndProject
Global
	GlobalSection(SolutionConfigurationPlatforms) = preSolution
		Debug|Any CPU = Debug|Any CPU
		Release|Any CPU = Release|Any CPU
	EndGlobalSection
	GlobalSection(ProjectConfigurationPlatforms) = postSolution
		{5EF049E6-B157-E584-1EB2-03CE08EC3219}.Debug|Any CPU.ActiveCfg = Debug|Any CPU
		{5EF049E6-B157-E584-1EB2-03CE08EC3219}.Debug|Any CPU.Build.0 = Debug|Any CPU
		{5EF049E6-B157-E584-1EB2-03CE08EC3219}.Release|Any CPU.ActiveCfg = Release|Any CPU
		{5EF049E6-B157-E584-1EB2-03CE08EC3219}.Release|Any CPU.Build.0 = Release|Any CPU
		{C5EA5641-1D8C-F117-5767-C0A821B00E69}.Debug|Any CPU.ActiveCfg = Debug|Any CPU
		{C5EA5641-1D8C-F117-5767-C0A821B00E69}.Debug|Any CPU.Build.0 = Debug|Any CPU
		{C5EA5641-1D8C-F117-5767-C0A821B00E69}.Release|Any CPU.ActiveCfg = Release|Any CPU
		{C5EA5641-1D8C-F117-5767-C0A821B00E69}.Release|Any CPU.Build.0 = Release|Any CPU
		{1DF49BAD-0A76-A9FE-9B03-42C28FD93E10}.Debug|Any CPU.ActiveCfg = Debug|Any CPU
		{1DF49BAD-0A76-A9FE-9B03-42C28FD93E10}.Debug|Any CPU.Build.0 = Debug|Any CPU
		{1DF49BAD-0A76-A9FE-9B03-42C28FD93E10}.Release|Any CPU.ActiveCfg = Release|Any CPU
		{1DF49BAD-0A76-A9FE-9B03-42C28FD93E10}.Release|Any CPU.Build.0 = Release|Any CPU
		{DD57307E-E376-75E5-EEF8-902E7DBA639C}.Debug|Any CPU.ActiveCfg = Debug|Any CPU
		{DD57307E-E376-75E5-EEF8-902E7DBA639C}.Debug|Any CPU.Build.0 = Debug|Any CPU
		{DD57307E-E376-75E5-EEF8-902E7DBA639C}.Release|Any CPU.ActiveCfg = Release|Any CPU
		{DD57307E-E376-75E5-EEF8-902E7DBA639C}.Release|Any CPU.Build.0 = Release|Any CPU
	EndGlobalSection
	GlobalSection(SolutionProperties) = preSolution
		HideSolutionNode = FALSE
	EndGlobalSection
EndGlobal
