
Microsoft Visual Studio Solution File, Format Version 12.00
# Visual Studio 2015
Project("{FAE04EC0-301F-11D3-BF4B-00C04F79EFBC}") = "Dreams.CSharp.Plugins", "Dreams.CSharp.Plugins.csproj", "{A867E657-A4D1-B09F-BF5A-7031F89BA326}"
EndProject
Project("{FAE04EC0-301F-11D3-BF4B-00C04F79EFBC}") = "Dreams.CSharp", "Dreams.CSharp.csproj", "{02EC6798-2E7C-34F8-421B-81BF87178A1D}"
EndProject
Project("{FAE04EC0-301F-11D3-BF4B-00C04F79EFBC}") = "Dreams.CSharp.Editor", "Dreams.CSharp.Editor.csproj", "{BD0E935A-E459-245E-763B-A157C375834B}"
EndProject
Global
	GlobalSection(SolutionConfigurationPlatforms) = preSolution
		Debug|Any CPU = Debug|Any CPU
		Release|Any CPU = Release|Any CPU
	EndGlobalSection
	GlobalSection(ProjectConfigurationPlatforms) = postSolution
		{A867E657-A4D1-B09F-BF5A-7031F89BA326}.Debug|Any CPU.ActiveCfg = Debug|Any CPU
		{A867E657-A4D1-B09F-BF5A-7031F89BA326}.Debug|Any CPU.Build.0 = Debug|Any CPU
		{A867E657-A4D1-B09F-BF5A-7031F89BA326}.Release|Any CPU.ActiveCfg = Release|Any CPU
		{A867E657-A4D1-B09F-BF5A-7031F89BA326}.Release|Any CPU.Build.0 = Release|Any CPU
		{02EC6798-2E7C-34F8-421B-81BF87178A1D}.Debug|Any CPU.ActiveCfg = Debug|Any CPU
		{02EC6798-2E7C-34F8-421B-81BF87178A1D}.Debug|Any CPU.Build.0 = Debug|Any CPU
		{02EC6798-2E7C-34F8-421B-81BF87178A1D}.Release|Any CPU.ActiveCfg = Release|Any CPU
		{02EC6798-2E7C-34F8-421B-81BF87178A1D}.Release|Any CPU.Build.0 = Release|Any CPU
		{BD0E935A-E459-245E-763B-A157C375834B}.Debug|Any CPU.ActiveCfg = Debug|Any CPU
		{BD0E935A-E459-245E-763B-A157C375834B}.Debug|Any CPU.Build.0 = Debug|Any CPU
		{BD0E935A-E459-245E-763B-A157C375834B}.Release|Any CPU.ActiveCfg = Release|Any CPU
		{BD0E935A-E459-245E-763B-A157C375834B}.Release|Any CPU.Build.0 = Release|Any CPU
	EndGlobalSection
	GlobalSection(SolutionProperties) = preSolution
		HideSolutionNode = FALSE
	EndGlobalSection
EndGlobal
